
Microsoft Visual Studio Solution File, Format Version 12.00
# Visual Studio 15
VisualStudioVersion = 15.0.28307.572
MinimumVisualStudioVersion = 10.0.40219.1
Project("{FAE04EC0-301F-11D3-BF4B-00C04F79EFBC}") = "BibliotecaSena", "BibliotecaSena\BibliotecaSena.csproj", "{F60B9205-2605-4B9F-863C-E0AFC0241876}"
EndProject
Global
	GlobalSection(SolutionConfigurationPlatforms) = preSolution
		Debug|Any CPU = Debug|Any CPU
		Release|Any CPU = Release|Any CPU
	EndGlobalSection
	GlobalSection(ProjectConfigurationPlatforms) = postSolution
		{F60B9205-2605-4B9F-863C-E0AFC0241876}.Debug|Any CPU.ActiveCfg = Debug|Any CPU
		{F60B9205-2605-4B9F-863C-E0AFC0241876}.Debug|Any CPU.Build.0 = Debug|Any CPU
		{F60B9205-2605-4B9F-863C-E0AFC0241876}.Release|Any CPU.ActiveCfg = Release|Any CPU
		{F60B9205-2605-4B9F-863C-E0AFC0241876}.Release|Any CPU.Build.0 = Release|Any CPU
	EndGlobalSection
	GlobalSection(SolutionProperties) = preSolution
		HideSolutionNode = FALSE
	EndGlobalSection
	GlobalSection(ExtensibilityGlobals) = postSolution
		SolutionGuid = {CBF9B3AB-657D-43E4-BCF4-B2432E9381D4}
	EndGlobalSection
EndGlobal
